
Microsoft Visual Studio Solution File, Format Version 12.00
# Visual Studio Version 17
VisualStudioVersion = 17.5.002.0
MinimumVisualStudioVersion = 10.0.40219.1
Project("{9A19103F-16F7-4668-BE54-9A1E7A4F7556}") = "ReductioAbsurdum", "ReductioAbsurdum.csproj", "{424BD628-610D-4194-87B3-2F43A2A3FCDE}"
EndProject
Global
	GlobalSection(SolutionConfigurationPlatforms) = preSolution
		Debug|Any CPU = Debug|Any CPU
		Release|Any CPU = Release|Any CPU
	EndGlobalSection
	GlobalSection(ProjectConfigurationPlatforms) = postSolution
		{424BD628-610D-4194-87B3-2F43A2A3FCDE}.Debug|Any CPU.ActiveCfg = Debug|Any CPU
		{424BD628-610D-4194-87B3-2F43A2A3FCDE}.Debug|Any CPU.Build.0 = Debug|Any CPU
		{424BD628-610D-4194-87B3-2F43A2A3FCDE}.Release|Any CPU.ActiveCfg = Release|Any CPU
		{424BD628-610D-4194-87B3-2F43A2A3FCDE}.Release|Any CPU.Build.0 = Release|Any CPU
	EndGlobalSection
	GlobalSection(SolutionProperties) = preSolution
		HideSolutionNode = FALSE
	EndGlobalSection
	GlobalSection(ExtensibilityGlobals) = postSolution
		SolutionGuid = {08909067-02E6-4C7C-9142-0A32BEC4CB76}
	EndGlobalSection
EndGlobal
